# THIS IS AN AUTOGENERATED FILE. DO NOT EDIT THIS FILE DIRECTLY.
# yarn lockfile v1


"@types/date-fns@^2.6.0":
  version "2.6.0"
  resolved "https://registry.yarnpkg.com/@types/date-fns/-/date-fns-2.6.0.tgz#b062ca46562002909be0c63a6467ed173136acc1"
  dependencies:
    date-fns "*"

date-fns@*, date-fns@^1.28.3:
  version "1.28.3"
  resolved "https://registry.yarnpkg.com/date-fns/-/date-fns-1.28.3.tgz#145d87adc3f5a82c6bda668de97eee1132c97ea1"
