# THIS IS AN AUTOGENERATED FILE. DO NOT EDIT THIS FILE DIRECTLY.
# yarn lockfile v1


"@types/node@^7.0.5":
  version "7.0.5"
  resolved "https://registry.yarnpkg.com/@types/node/-/node-7.0.5.tgz#96a0f0a618b7b606f1ec547403c00650210bfbb7"

preact-portal@^1.1.1:
  version "1.1.1"
  resolved "https://registry.yarnpkg.com/preact-portal/-/preact-portal-1.1.1.tgz#8966382f5726627d666dee6133442a538060760a"

preact@^7.2.1:
  version "7.2.1"
  resolved "https://registry.yarnpkg.com/preact/-/preact-7.2.1.tgz#159e1892f614985e49eb0a96fd6e6d8bdf8bbcc5"
