# THIS IS AN AUTOGENERATED FILE. DO NOT EDIT THIS FILE DIRECTLY.
# yarn lockfile v1


"@types/date-fns@^2.6.0":
  version "2.6.0"
  resolved "https://registry.yarnpkg.com/@types/date-fns/-/date-fns-2.6.0.tgz#b062ca46562002909be0c63a6467ed173136acc1"
  dependencies:
    date-fns "*"

"@types/node@^7.0.5":
  version "7.0.5"
  resolved "https://registry.yarnpkg.com/@types/node/-/node-7.0.5.tgz#96a0f0a618b7b606f1ec547403c00650210bfbb7"

date-fns@*, date-fns@^1.28.3:
  version "1.28.3"
  resolved "https://registry.yarnpkg.com/date-fns/-/date-fns-1.28.3.tgz#145d87adc3f5a82c6bda668de97eee1132c97ea1"

preact-portal@^1.1.1:
  version "1.1.1"
  resolved "https://registry.yarnpkg.com/preact-portal/-/preact-portal-1.1.1.tgz#8966382f5726627d666dee6133442a538060760a"

preact@^7.2.1:
  version "7.2.1"
  resolved "https://registry.yarnpkg.com/preact/-/preact-7.2.1.tgz#159e1892f614985e49eb0a96fd6e6d8bdf8bbcc5"
